{
    "name": "hello-pocketflow",
    "lockfileVersion": 3,
    "requires": true,
    "packages": {
        "": {
            "name": "hello-pocketflow",
            "dependencies": {
                "pocketflow": ">=1.0.0"
            }
        },
        "node_modules/pocketflow": {
            "version": "1.0.0",
            "resolved": "https://registry.npmjs.org/pocketflow/-/pocketflow-1.0.0.tgz",
            "integrity": "sha512-9XrrcAY3BvZednY27dJkFEA+K1dArTR7oiWduBELDXuNxjUaepDV67QnEll3J3rVE7KQ3dyxLvE9PNfyAP5syQ=="
        }
    }
}
